
Microsoft Visual Studio Solution File, Format Version 12.00
# Visual Studio Version 17
VisualStudioVersion = 17.11.35327.3
MinimumVisualStudioVersion = 10.0.40219.1
Project("{FAE04EC0-301F-11D3-BF4B-00C04F79EFBC}") = "WalletApp.Web", "WalletApp.Web\WalletApp.Web.csproj", "{393D275E-F92C-4937-8AA8-D7202F04FE69}"
EndProject
Global
	GlobalSection(SolutionConfigurationPlatforms) = preSolution
		Debug|Any CPU = Debug|Any CPU
		Release|Any CPU = Release|Any CPU
	EndGlobalSection
	GlobalSection(ProjectConfigurationPlatforms) = postSolution
		{393D275E-F92C-4937-8AA8-D7202F04FE69}.Debug|Any CPU.ActiveCfg = Debug|Any CPU
		{393D275E-F92C-4937-8AA8-D7202F04FE69}.Debug|Any CPU.Build.0 = Debug|Any CPU
		{393D275E-F92C-4937-8AA8-D7202F04FE69}.Release|Any CPU.ActiveCfg = Release|Any CPU
		{393D275E-F92C-4937-8AA8-D7202F04FE69}.Release|Any CPU.Build.0 = Release|Any CPU
	EndGlobalSection
	GlobalSection(SolutionProperties) = preSolution
		HideSolutionNode = FALSE
	EndGlobalSection
	GlobalSection(ExtensibilityGlobals) = postSolution
		SolutionGuid = {DD44A04B-F2F7-4285-9386-8EC29908E229}
	EndGlobalSection
EndGlobal
